
Microsoft Visual Studio Solution File, Format Version 12.00
# Visual Studio 15
VisualStudioVersion = 15.0.28307.779
MinimumVisualStudioVersion = 10.0.40219.1
Project("{FAE04EC0-301F-11D3-BF4B-00C04F79EFBC}") = "IdentityPattern", "IdentityPattern\IdentityPattern.csproj", "{CC247DD7-435A-4964-A6D0-5636F9E1D941}"
EndProject
Project("{2150E333-8FDC-42A3-9474-1A3956D46DE8}") = "Solution Items", "Solution Items", "{DC0DEAB6-7667-415A-9B76-BC1E50780BF9}"
	ProjectSection(SolutionItems) = preProject
		.gitattributes = .gitattributes
		.gitignore = .gitignore
		NuGet.config = NuGet.config
	EndProjectSection
EndProject
Global
	GlobalSection(SolutionConfigurationPlatforms) = preSolution
		Debug|Any CPU = Debug|Any CPU
		Release|Any CPU = Release|Any CPU
	EndGlobalSection
	GlobalSection(ProjectConfigurationPlatforms) = postSolution
		{CC247DD7-435A-4964-A6D0-5636F9E1D941}.Debug|Any CPU.ActiveCfg = Debug|Any CPU
		{CC247DD7-435A-4964-A6D0-5636F9E1D941}.Debug|Any CPU.Build.0 = Debug|Any CPU
		{CC247DD7-435A-4964-A6D0-5636F9E1D941}.Release|Any CPU.ActiveCfg = Release|Any CPU
		{CC247DD7-435A-4964-A6D0-5636F9E1D941}.Release|Any CPU.Build.0 = Release|Any CPU
	EndGlobalSection
	GlobalSection(SolutionProperties) = preSolution
		HideSolutionNode = FALSE
	EndGlobalSection
	GlobalSection(ExtensibilityGlobals) = postSolution
		SolutionGuid = {07EE952E-2943-4548-8EB5-20E1FA6CA585}
	EndGlobalSection
EndGlobal
